Microsoft Visual Studio Solution File, Format Version 12.00
# Visual Studio Version 17
VisualStudioVersion = 17.5.2.0
MinimumVisualStudioVersion = 10.0.40219.1
Project("{FAE04EC0-301F-11D3-BF4B-00C04F79EFBC}") = "Btl_web_nc", "Btl_web_nc.csproj", "{3AA56F45-6B13-7334-8B68-0E15BA93F53F}"
EndProject
Global
	GlobalSection(SolutionConfigurationPlatforms) = preSolution
		Debug|Any CPU = Debug|Any CPU
		Release|Any CPU = Release|Any CPU
	EndGlobalSection
	GlobalSection(ProjectConfigurationPlatforms) = postSolution
		{3AA56F45-6B13-7334-8B68-0E15BA93F53F}.Debug|Any CPU.ActiveCfg = Debug|Any CPU
		{3AA56F45-6B13-7334-8B68-0E15BA93F53F}.Debug|Any CPU.Build.0 = Debug|Any CPU
		{3AA56F45-6B13-7334-8B68-0E15BA93F53F}.Release|Any CPU.ActiveCfg = Release|Any CPU
		{3AA56F45-6B13-7334-8B68-0E15BA93F53F}.Release|Any CPU.Build.0 = Release|Any CPU
	EndGlobalSection
	GlobalSection(SolutionProperties) = preSolution
		HideSolutionNode = FALSE
	EndGlobalSection
	GlobalSection(ExtensibilityGlobals) = postSolution
		SolutionGuid = {7EFA4945-D0D8-49E2-A939-844DA8C71601}
	EndGlobalSection
EndGlobal
